{
  "name": "Calculator-TCA",
  "lockfileVersion": 3,
  "requires": true,
  "packages": {
    "": {
      "devDependencies": {
        "git-format-staged": "^3.1.1"
      }
    },
    "node_modules/git-format-staged": {
      "version": "3.1.1",
      "resolved": "https://registry.npmjs.org/git-format-staged/-/git-format-staged-3.1.1.tgz",
      "integrity": "sha512-P749fkktaiAchFZKR7bgdvruzhvbcIDr1uRBrS9/Wdimb7wH1Twchz9gOixj8tUaHVMuXY/ckDojfOwV6AxgPA==",
      "dev": true,
      "bin": {
        "git-format-staged": "git-format-staged"
      }
    }
  }
}
