PODS:
  - Alamofire (5.7.1)
  - SwiftLint (0.52.2)

DEPENDENCIES:
  - Alamofire
  - SwiftLint (~> 0.52.2)

SPEC REPOS:
  trunk:
    - Alamofire
    - SwiftLint

SPEC CHECKSUMS:
  Alamofire: 0123a34370cb170936ae79a8df46cc62b2edeb88
  SwiftLint: 1ac76dac888ca05cb0cf24d0c85887ec1209961d

PODFILE CHECKSUM: 76dea159a4327ff2bc6180f44514392fe2b3914b

COCOAPODS: 1.15.2
