// !$*UTF8*$!
{
	archiveVersion = 1;
	classes = {
	};
	objectVersion = 60;
	objects = {

/* Begin PBXBuildFile section */
		2573F8F2F802037511737304 /* Pods_Calulator_TCA.framework in Frameworks */ = {isa = PBXBuildFile; fileRef = 87D1FFBD263B788859515567 /* Pods_Calulator_TCA.framework */; };
		3A2F96D92B6195C8006B2740 /* ComposableArchitecture in Frameworks */ = {isa = PBXBuildFile; productRef = 3A2F96D82B6195C8006B2740 /* ComposableArchitecture */; };
		3A2F96DC2B619889006B2740 /* Dependencies.swift in Sources */ = {isa = PBXBuildFile; fileRef = 3A2F96DB2B619889006B2740 /* Dependencies.swift */; };
		3A702FF32B88E42A00C16ADE /* EnumIdentifiebleConformable in Frameworks */ = {isa = PBXBuildFile; productRef = 3A702FF22B88E42A00C16ADE /* EnumIdentifiebleConformable */; };
		3A702FF52B88E42A00C16ADE /* EnumIdentifiebleConformableClient in Frameworks */ = {isa = PBXBuildFile; productRef = 3A702FF42B88E42A00C16ADE /* EnumIdentifiebleConformableClient */; };
		3A702FF82B88E46C00C16ADE /* EnumIdentifiebleConformable in Frameworks */ = {isa = PBXBuildFile; productRef = 3A702FF72B88E46C00C16ADE /* EnumIdentifiebleConformable */; };
		3A702FFA2B88E46C00C16ADE /* EnumIdentifiebleConformableClient in Frameworks */ = {isa = PBXBuildFile; productRef = 3A702FF92B88E46C00C16ADE /* EnumIdentifiebleConformableClient */; };
		3A702FFD2B88E4EC00C16ADE /* EnumIdentifiebleConformable in Frameworks */ = {isa = PBXBuildFile; productRef = 3A702FFC2B88E4EC00C16ADE /* EnumIdentifiebleConformable */; };
		3A702FFF2B88E4EC00C16ADE /* EnumIdentifiebleConformableClient in Frameworks */ = {isa = PBXBuildFile; productRef = 3A702FFE2B88E4EC00C16ADE /* EnumIdentifiebleConformableClient */; };
		7DF8B247F9D5D2A3C88E06D8 /* Pods_Calulator_TCA_Calulator_TCAUITests.framework in Frameworks */ = {isa = PBXBuildFile; fileRef = CEF85BA410033AC4D212E14C /* Pods_Calulator_TCA_Calulator_TCAUITests.framework */; };
		A0CE73E706746AAF1FEFFDCF /* Pods_Calulator_TCATests.framework in Frameworks */ = {isa = PBXBuildFile; fileRef = 06A215858EF00A7EDFA15EB3 /* Pods_Calulator_TCATests.framework */; };
		D761957629366A050065C18D /* CalculatorServiceTests.swift in Sources */ = {isa = PBXBuildFile; fileRef = D761957529366A050065C18D /* CalculatorServiceTests.swift */; };
		D767AC9828E1829D004F6745 /* CalculatorView.swift in Sources */ = {isa = PBXBuildFile; fileRef = D767AC9728E1829D004F6745 /* CalculatorView.swift */; };
		D767AC9A28E183C3004F6745 /* CalculatorButtonType.swift in Sources */ = {isa = PBXBuildFile; fileRef = D767AC9928E183C3004F6745 /* CalculatorButtonType.swift */; };
		D767AC9C28E1AEF2004F6745 /* CalculatorOperation.swift in Sources */ = {isa = PBXBuildFile; fileRef = D767AC9B28E1AEF2004F6745 /* CalculatorOperation.swift */; };
		D76A361428B359B000D5FA26 /* CalulatorTCAApp.swift in Sources */ = {isa = PBXBuildFile; fileRef = D76A361328B359B000D5FA26 /* CalulatorTCAApp.swift */; };
		D76A361828B359B300D5FA26 /* Assets.xcassets in Resources */ = {isa = PBXBuildFile; fileRef = D76A361728B359B300D5FA26 /* Assets.xcassets */; };
		D76A361B28B359B300D5FA26 /* Preview Assets.xcassets in Resources */ = {isa = PBXBuildFile; fileRef = D76A361A28B359B300D5FA26 /* Preview Assets.xcassets */; };
		D76A362528B359B300D5FA26 /* CalulatorTCATests.swift in Sources */ = {isa = PBXBuildFile; fileRef = D76A362428B359B300D5FA26 /* CalulatorTCATests.swift */; };
		D76A362F28B359B300D5FA26 /* CalulatorTCAUITests.swift in Sources */ = {isa = PBXBuildFile; fileRef = D76A362E28B359B300D5FA26 /* CalulatorTCAUITests.swift */; };
		D76A363128B359B300D5FA26 /* CalulatorTCAUITestsLaunchTests.swift in Sources */ = {isa = PBXBuildFile; fileRef = D76A363028B359B300D5FA26 /* CalulatorTCAUITestsLaunchTests.swift */; };
		D76B2EE028E23BD70034F6B6 /* NumberFieldView.swift in Sources */ = {isa = PBXBuildFile; fileRef = D76B2EDF28E23BD70034F6B6 /* NumberFieldView.swift */; };
		D76B2EE228E23DA70034F6B6 /* ButtonView.swift in Sources */ = {isa = PBXBuildFile; fileRef = D76B2EE128E23DA70034F6B6 /* ButtonView.swift */; };
		D76B53562933FE8300DE2AE5 /* CalculatorService.swift in Sources */ = {isa = PBXBuildFile; fileRef = D76B53552933FE8300DE2AE5 /* CalculatorService.swift */; };
		D76B535A2934022B00DE2AE5 /* NumberConverterService.swift in Sources */ = {isa = PBXBuildFile; fileRef = D76B53592934022B00DE2AE5 /* NumberConverterService.swift */; };
		D76B535F2934125300DE2AE5 /* NumberFormatter+Extension.swift in Sources */ = {isa = PBXBuildFile; fileRef = D76B535E2934125300DE2AE5 /* NumberFormatter+Extension.swift */; };
		D76B53692934345300DE2AE5 /* RootView.swift in Sources */ = {isa = PBXBuildFile; fileRef = D76B53682934345300DE2AE5 /* RootView.swift */; };
		D76B536B2934B28B00DE2AE5 /* Float+Extension.swift in Sources */ = {isa = PBXBuildFile; fileRef = D76B536A2934B28B00DE2AE5 /* Float+Extension.swift */; };
		D7F38C992B8F43F900C8CD9B /* SomeAnyDemo.swift in Sources */ = {isa = PBXBuildFile; fileRef = D7F38C982B8F43F900C8CD9B /* SomeAnyDemo.swift */; };
/* End PBXBuildFile section */

/* Begin PBXContainerItemProxy section */
		D76A362128B359B300D5FA26 /* PBXContainerItemProxy */ = {
			isa = PBXContainerItemProxy;
			containerPortal = D76A360828B359B000D5FA26 /* Project object */;
			proxyType = 1;
			remoteGlobalIDString = D76A360F28B359B000D5FA26;
			remoteInfo = "Calulator-TCA";
		};
		D76A362B28B359B300D5FA26 /* PBXContainerItemProxy */ = {
			isa = PBXContainerItemProxy;
			containerPortal = D76A360828B359B000D5FA26 /* Project object */;
			proxyType = 1;
			remoteGlobalIDString = D76A360F28B359B000D5FA26;
			remoteInfo = "Calulator-TCA";
		};
/* End PBXContainerItemProxy section */

/* Begin PBXFileReference section */
		06A215858EF00A7EDFA15EB3 /* Pods_Calulator_TCATests.framework */ = {isa = PBXFileReference; explicitFileType = wrapper.framework; includeInIndex = 0; path = Pods_Calulator_TCATests.framework; sourceTree = BUILT_PRODUCTS_DIR; };
		24FE45BEBF6199A72BD76EE7 /* Pods-Calulator-TCA-Calulator-TCAUITests.debug.xcconfig */ = {isa = PBXFileReference; includeInIndex = 1; lastKnownFileType = text.xcconfig; name = "Pods-Calulator-TCA-Calulator-TCAUITests.debug.xcconfig"; path = "Target Support Files/Pods-Calulator-TCA-Calulator-TCAUITests/Pods-Calulator-TCA-Calulator-TCAUITests.debug.xcconfig"; sourceTree = "<group>"; };
		3A2F96DB2B619889006B2740 /* Dependencies.swift */ = {isa = PBXFileReference; lastKnownFileType = sourcecode.swift; path = Dependencies.swift; sourceTree = "<group>"; };
		7A8C9A2CC136837035D9A81E /* Pods-Calulator-TCATests.release.xcconfig */ = {isa = PBXFileReference; includeInIndex = 1; lastKnownFileType = text.xcconfig; name = "Pods-Calulator-TCATests.release.xcconfig"; path = "Target Support Files/Pods-Calulator-TCATests/Pods-Calulator-TCATests.release.xcconfig"; sourceTree = "<group>"; };
		87D1FFBD263B788859515567 /* Pods_Calulator_TCA.framework */ = {isa = PBXFileReference; explicitFileType = wrapper.framework; includeInIndex = 0; path = Pods_Calulator_TCA.framework; sourceTree = BUILT_PRODUCTS_DIR; };
		9CFEC3497D929518C9F415D9 /* Pods-Calulator-TCA.release.xcconfig */ = {isa = PBXFileReference; includeInIndex = 1; lastKnownFileType = text.xcconfig; name = "Pods-Calulator-TCA.release.xcconfig"; path = "Target Support Files/Pods-Calulator-TCA/Pods-Calulator-TCA.release.xcconfig"; sourceTree = "<group>"; };
		A8C93A54B6B2AFE46C90FAE1 /* Pods-Calulator-TCA-Calulator-TCAUITests.release.xcconfig */ = {isa = PBXFileReference; includeInIndex = 1; lastKnownFileType = text.xcconfig; name = "Pods-Calulator-TCA-Calulator-TCAUITests.release.xcconfig"; path = "Target Support Files/Pods-Calulator-TCA-Calulator-TCAUITests/Pods-Calulator-TCA-Calulator-TCAUITests.release.xcconfig"; sourceTree = "<group>"; };
		C4E83D4E0E33E5D345AF3845 /* Pods-Calulator-TCA.debug.xcconfig */ = {isa = PBXFileReference; includeInIndex = 1; lastKnownFileType = text.xcconfig; name = "Pods-Calulator-TCA.debug.xcconfig"; path = "Target Support Files/Pods-Calulator-TCA/Pods-Calulator-TCA.debug.xcconfig"; sourceTree = "<group>"; };
		CEF85BA410033AC4D212E14C /* Pods_Calulator_TCA_Calulator_TCAUITests.framework */ = {isa = PBXFileReference; explicitFileType = wrapper.framework; includeInIndex = 0; path = Pods_Calulator_TCA_Calulator_TCAUITests.framework; sourceTree = BUILT_PRODUCTS_DIR; };
		D761957529366A050065C18D /* CalculatorServiceTests.swift */ = {isa = PBXFileReference; lastKnownFileType = sourcecode.swift; path = CalculatorServiceTests.swift; sourceTree = "<group>"; };
		D767AC9728E1829D004F6745 /* CalculatorView.swift */ = {isa = PBXFileReference; lastKnownFileType = sourcecode.swift; path = CalculatorView.swift; sourceTree = "<group>"; };
		D767AC9928E183C3004F6745 /* CalculatorButtonType.swift */ = {isa = PBXFileReference; lastKnownFileType = sourcecode.swift; path = CalculatorButtonType.swift; sourceTree = "<group>"; };
		D767AC9B28E1AEF2004F6745 /* CalculatorOperation.swift */ = {isa = PBXFileReference; lastKnownFileType = sourcecode.swift; path = CalculatorOperation.swift; sourceTree = "<group>"; };
		D76A361028B359B000D5FA26 /* Calulator-TCA.app */ = {isa = PBXFileReference; explicitFileType = wrapper.application; includeInIndex = 0; path = "Calulator-TCA.app"; sourceTree = BUILT_PRODUCTS_DIR; };
		D76A361328B359B000D5FA26 /* CalulatorTCAApp.swift */ = {isa = PBXFileReference; lastKnownFileType = sourcecode.swift; path = CalulatorTCAApp.swift; sourceTree = "<group>"; };
		D76A361728B359B300D5FA26 /* Assets.xcassets */ = {isa = PBXFileReference; lastKnownFileType = folder.assetcatalog; path = Assets.xcassets; sourceTree = "<group>"; };
		D76A361A28B359B300D5FA26 /* Preview Assets.xcassets */ = {isa = PBXFileReference; lastKnownFileType = folder.assetcatalog; path = "Preview Assets.xcassets"; sourceTree = "<group>"; };
		D76A362028B359B300D5FA26 /* Calulator-TCATests.xctest */ = {isa = PBXFileReference; explicitFileType = wrapper.cfbundle; includeInIndex = 0; path = "Calulator-TCATests.xctest"; sourceTree = BUILT_PRODUCTS_DIR; };
		D76A362428B359B300D5FA26 /* CalulatorTCATests.swift */ = {isa = PBXFileReference; lastKnownFileType = sourcecode.swift; path = CalulatorTCATests.swift; sourceTree = "<group>"; };
		D76A362A28B359B300D5FA26 /* Calulator-TCAUITests.xctest */ = {isa = PBXFileReference; explicitFileType = wrapper.cfbundle; includeInIndex = 0; path = "Calulator-TCAUITests.xctest"; sourceTree = BUILT_PRODUCTS_DIR; };
		D76A362E28B359B300D5FA26 /* CalulatorTCAUITests.swift */ = {isa = PBXFileReference; lastKnownFileType = sourcecode.swift; path = CalulatorTCAUITests.swift; sourceTree = "<group>"; };
		D76A363028B359B300D5FA26 /* CalulatorTCAUITestsLaunchTests.swift */ = {isa = PBXFileReference; lastKnownFileType = sourcecode.swift; path = CalulatorTCAUITestsLaunchTests.swift; sourceTree = "<group>"; };
		D76B2EDF28E23BD70034F6B6 /* NumberFieldView.swift */ = {isa = PBXFileReference; lastKnownFileType = sourcecode.swift; path = NumberFieldView.swift; sourceTree = "<group>"; };
		D76B2EE128E23DA70034F6B6 /* ButtonView.swift */ = {isa = PBXFileReference; lastKnownFileType = sourcecode.swift; path = ButtonView.swift; sourceTree = "<group>"; };
		D76B53552933FE8300DE2AE5 /* CalculatorService.swift */ = {isa = PBXFileReference; lastKnownFileType = sourcecode.swift; path = CalculatorService.swift; sourceTree = "<group>"; };
		D76B53592934022B00DE2AE5 /* NumberConverterService.swift */ = {isa = PBXFileReference; lastKnownFileType = sourcecode.swift; path = NumberConverterService.swift; sourceTree = "<group>"; };
		D76B535E2934125300DE2AE5 /* NumberFormatter+Extension.swift */ = {isa = PBXFileReference; lastKnownFileType = sourcecode.swift; path = "NumberFormatter+Extension.swift"; sourceTree = "<group>"; };
		D76B53682934345300DE2AE5 /* RootView.swift */ = {isa = PBXFileReference; lastKnownFileType = sourcecode.swift; path = RootView.swift; sourceTree = "<group>"; };
		D76B536A2934B28B00DE2AE5 /* Float+Extension.swift */ = {isa = PBXFileReference; lastKnownFileType = sourcecode.swift; path = "Float+Extension.swift"; sourceTree = "<group>"; };
		D7F38C982B8F43F900C8CD9B /* SomeAnyDemo.swift */ = {isa = PBXFileReference; lastKnownFileType = sourcecode.swift; path = SomeAnyDemo.swift; sourceTree = "<group>"; };
		DE081A2FFB9EF5066621DEF4 /* Pods-Calulator-TCATests.debug.xcconfig */ = {isa = PBXFileReference; includeInIndex = 1; lastKnownFileType = text.xcconfig; name = "Pods-Calulator-TCATests.debug.xcconfig"; path = "Target Support Files/Pods-Calulator-TCATests/Pods-Calulator-TCATests.debug.xcconfig"; sourceTree = "<group>"; };
/* End PBXFileReference section */

/* Begin PBXFrameworksBuildPhase section */
		D76A360D28B359B000D5FA26 /* Frameworks */ = {
			isa = PBXFrameworksBuildPhase;
			buildActionMask = 2147483647;
			files = (
				3A702FFD2B88E4EC00C16ADE /* EnumIdentifiebleConformable in Frameworks */,
				3A702FF82B88E46C00C16ADE /* EnumIdentifiebleConformable in Frameworks */,
				3A702FFF2B88E4EC00C16ADE /* EnumIdentifiebleConformableClient in Frameworks */,
				3A702FFA2B88E46C00C16ADE /* EnumIdentifiebleConformableClient in Frameworks */,
				3A702FF52B88E42A00C16ADE /* EnumIdentifiebleConformableClient in Frameworks */,
				3A702FF32B88E42A00C16ADE /* EnumIdentifiebleConformable in Frameworks */,
				3A2F96D92B6195C8006B2740 /* ComposableArchitecture in Frameworks */,
				2573F8F2F802037511737304 /* Pods_Calulator_TCA.framework in Frameworks */,
			);
			runOnlyForDeploymentPostprocessing = 0;
		};
		D76A361D28B359B300D5FA26 /* Frameworks */ = {
			isa = PBXFrameworksBuildPhase;
			buildActionMask = 2147483647;
			files = (
				A0CE73E706746AAF1FEFFDCF /* Pods_Calulator_TCATests.framework in Frameworks */,
			);
			runOnlyForDeploymentPostprocessing = 0;
		};
		D76A362728B359B300D5FA26 /* Frameworks */ = {
			isa = PBXFrameworksBuildPhase;
			buildActionMask = 2147483647;
			files = (
				7DF8B247F9D5D2A3C88E06D8 /* Pods_Calulator_TCA_Calulator_TCAUITests.framework in Frameworks */,
			);
			runOnlyForDeploymentPostprocessing = 0;
		};
/* End PBXFrameworksBuildPhase section */

/* Begin PBXGroup section */
		2C1270C1AB6197699DAEBB79 /* Pods */ = {
			isa = PBXGroup;
			children = (
				C4E83D4E0E33E5D345AF3845 /* Pods-Calulator-TCA.debug.xcconfig */,
				9CFEC3497D929518C9F415D9 /* Pods-Calulator-TCA.release.xcconfig */,
				24FE45BEBF6199A72BD76EE7 /* Pods-Calulator-TCA-Calulator-TCAUITests.debug.xcconfig */,
				A8C93A54B6B2AFE46C90FAE1 /* Pods-Calulator-TCA-Calulator-TCAUITests.release.xcconfig */,
				DE081A2FFB9EF5066621DEF4 /* Pods-Calulator-TCATests.debug.xcconfig */,
				7A8C9A2CC136837035D9A81E /* Pods-Calulator-TCATests.release.xcconfig */,
			);
			name = Pods;
			path = Pods;
			sourceTree = "<group>";
		};
		3A2F96DA2B61986A006B2740 /* Shared */ = {
			isa = PBXGroup;
			children = (
				3A2F96DB2B619889006B2740 /* Dependencies.swift */,
				D7F38C982B8F43F900C8CD9B /* SomeAnyDemo.swift */,
			);
			path = Shared;
			sourceTree = "<group>";
		};
		8C3810ADFCFEDE4890F71228 /* Frameworks */ = {
			isa = PBXGroup;
			children = (
				87D1FFBD263B788859515567 /* Pods_Calulator_TCA.framework */,
				CEF85BA410033AC4D212E14C /* Pods_Calulator_TCA_Calulator_TCAUITests.framework */,
				06A215858EF00A7EDFA15EB3 /* Pods_Calulator_TCATests.framework */,
			);
			name = Frameworks;
			sourceTree = "<group>";
		};
		D76A360728B359B000D5FA26 = {
			isa = PBXGroup;
			children = (
				D76A361228B359B000D5FA26 /* Calulator-TCA */,
				D76A362328B359B300D5FA26 /* Calulator-TCATests */,
				D76A362D28B359B300D5FA26 /* Calulator-TCAUITests */,
				D76A361128B359B000D5FA26 /* Products */,
				2C1270C1AB6197699DAEBB79 /* Pods */,
				8C3810ADFCFEDE4890F71228 /* Frameworks */,
			);
			sourceTree = "<group>";
		};
		D76A361128B359B000D5FA26 /* Products */ = {
			isa = PBXGroup;
			children = (
				D76A361028B359B000D5FA26 /* Calulator-TCA.app */,
				D76A362028B359B300D5FA26 /* Calulator-TCATests.xctest */,
				D76A362A28B359B300D5FA26 /* Calulator-TCAUITests.xctest */,
			);
			name = Products;
			sourceTree = "<group>";
		};
		D76A361228B359B000D5FA26 /* Calulator-TCA */ = {
			isa = PBXGroup;
			children = (
				3A2F96DA2B61986A006B2740 /* Shared */,
				D76B535B2934119200DE2AE5 /* Extensions */,
				D76B53582933FF4600DE2AE5 /* Views */,
				D76B53572933FF2100DE2AE5 /* Models */,
				D76B53542933FE6400DE2AE5 /* Services */,
				D76A361328B359B000D5FA26 /* CalulatorTCAApp.swift */,
				D76A361728B359B300D5FA26 /* Assets.xcassets */,
				D76A361928B359B300D5FA26 /* Preview Content */,
			);
			path = "Calulator-TCA";
			sourceTree = "<group>";
		};
		D76A361928B359B300D5FA26 /* Preview Content */ = {
			isa = PBXGroup;
			children = (
				D76A361A28B359B300D5FA26 /* Preview Assets.xcassets */,
			);
			path = "Preview Content";
			sourceTree = "<group>";
		};
		D76A362328B359B300D5FA26 /* Calulator-TCATests */ = {
			isa = PBXGroup;
			children = (
				D76A362428B359B300D5FA26 /* CalulatorTCATests.swift */,
				D761957529366A050065C18D /* CalculatorServiceTests.swift */,
			);
			path = "Calulator-TCATests";
			sourceTree = "<group>";
		};
		D76A362D28B359B300D5FA26 /* Calulator-TCAUITests */ = {
			isa = PBXGroup;
			children = (
				D76A362E28B359B300D5FA26 /* CalulatorTCAUITests.swift */,
				D76A363028B359B300D5FA26 /* CalulatorTCAUITestsLaunchTests.swift */,
			);
			path = "Calulator-TCAUITests";
			sourceTree = "<group>";
		};
		D76B53542933FE6400DE2AE5 /* Services */ = {
			isa = PBXGroup;
			children = (
				D76B53552933FE8300DE2AE5 /* CalculatorService.swift */,
				D76B53592934022B00DE2AE5 /* NumberConverterService.swift */,
			);
			path = Services;
			sourceTree = "<group>";
		};
		D76B53572933FF2100DE2AE5 /* Models */ = {
			isa = PBXGroup;
			children = (
				D767AC9928E183C3004F6745 /* CalculatorButtonType.swift */,
				D767AC9B28E1AEF2004F6745 /* CalculatorOperation.swift */,
			);
			path = Models;
			sourceTree = "<group>";
		};
		D76B53582933FF4600DE2AE5 /* Views */ = {
			isa = PBXGroup;
			children = (
				D767AC9728E1829D004F6745 /* CalculatorView.swift */,
				D76B53682934345300DE2AE5 /* RootView.swift */,
				D76B2EDF28E23BD70034F6B6 /* NumberFieldView.swift */,
				D76B2EE128E23DA70034F6B6 /* ButtonView.swift */,
			);
			path = Views;
			sourceTree = "<group>";
		};
		D76B535B2934119200DE2AE5 /* Extensions */ = {
			isa = PBXGroup;
			children = (
				D76B535E2934125300DE2AE5 /* NumberFormatter+Extension.swift */,
				D76B536A2934B28B00DE2AE5 /* Float+Extension.swift */,
			);
			path = Extensions;
			sourceTree = "<group>";
		};
/* End PBXGroup section */

/* Begin PBXNativeTarget section */
		D76A360F28B359B000D5FA26 /* Calulator-TCA */ = {
			isa = PBXNativeTarget;
			buildConfigurationList = D76A363428B359B300D5FA26 /* Build configuration list for PBXNativeTarget "Calulator-TCA" */;
			buildPhases = (
				2CE7077AA1CC0C93D133CF2E /* [CP] Check Pods Manifest.lock */,
				D76A360C28B359B000D5FA26 /* Sources */,
				D76A360D28B359B000D5FA26 /* Frameworks */,
				D76A360E28B359B000D5FA26 /* Resources */,
				3A5AA4702B85F73C00F7DD28 /* SwiftLint */,
			);
			buildRules = (
			);
			dependencies = (
			);
			name = "Calulator-TCA";
			packageProductDependencies = (
				3A2F96D82B6195C8006B2740 /* ComposableArchitecture */,
				3A702FF22B88E42A00C16ADE /* EnumIdentifiebleConformable */,
				3A702FF42B88E42A00C16ADE /* EnumIdentifiebleConformableClient */,
				3A702FF72B88E46C00C16ADE /* EnumIdentifiebleConformable */,
				3A702FF92B88E46C00C16ADE /* EnumIdentifiebleConformableClient */,
				3A702FFC2B88E4EC00C16ADE /* EnumIdentifiebleConformable */,
				3A702FFE2B88E4EC00C16ADE /* EnumIdentifiebleConformableClient */,
			);
			productName = "Calulator-TCA";
			productReference = D76A361028B359B000D5FA26 /* Calulator-TCA.app */;
			productType = "com.apple.product-type.application";
		};
		D76A361F28B359B300D5FA26 /* Calulator-TCATests */ = {
			isa = PBXNativeTarget;
			buildConfigurationList = D76A363728B359B300D5FA26 /* Build configuration list for PBXNativeTarget "Calulator-TCATests" */;
			buildPhases = (
				CAC8BED9742653447693E424 /* [CP] Check Pods Manifest.lock */,
				D76A361C28B359B300D5FA26 /* Sources */,
				D76A361D28B359B300D5FA26 /* Frameworks */,
				D76A361E28B359B300D5FA26 /* Resources */,
			);
			buildRules = (
			);
			dependencies = (
				D76A362228B359B300D5FA26 /* PBXTargetDependency */,
			);
			name = "Calulator-TCATests";
			productName = "Calulator-TCATests";
			productReference = D76A362028B359B300D5FA26 /* Calulator-TCATests.xctest */;
			productType = "com.apple.product-type.bundle.unit-test";
		};
		D76A362928B359B300D5FA26 /* Calulator-TCAUITests */ = {
			isa = PBXNativeTarget;
			buildConfigurationList = D76A363A28B359B300D5FA26 /* Build configuration list for PBXNativeTarget "Calulator-TCAUITests" */;
			buildPhases = (
				0DF84D7175F7F3D8D30450E8 /* [CP] Check Pods Manifest.lock */,
				D76A362628B359B300D5FA26 /* Sources */,
				D76A362728B359B300D5FA26 /* Frameworks */,
				D76A362828B359B300D5FA26 /* Resources */,
			);
			buildRules = (
			);
			dependencies = (
				D76A362C28B359B300D5FA26 /* PBXTargetDependency */,
			);
			name = "Calulator-TCAUITests";
			productName = "Calulator-TCAUITests";
			productReference = D76A362A28B359B300D5FA26 /* Calulator-TCAUITests.xctest */;
			productType = "com.apple.product-type.bundle.ui-testing";
		};
/* End PBXNativeTarget section */

/* Begin PBXProject section */
		D76A360828B359B000D5FA26 /* Project object */ = {
			isa = PBXProject;
			attributes = {
				BuildIndependentTargetsInParallel = 1;
				LastSwiftUpdateCheck = 1340;
				LastUpgradeCheck = 1340;
				TargetAttributes = {
					D76A360F28B359B000D5FA26 = {
						CreatedOnToolsVersion = 13.4;
					};
					D76A361F28B359B300D5FA26 = {
						CreatedOnToolsVersion = 13.4;
						TestTargetID = D76A360F28B359B000D5FA26;
					};
					D76A362928B359B300D5FA26 = {
						CreatedOnToolsVersion = 13.4;
						TestTargetID = D76A360F28B359B000D5FA26;
					};
				};
			};
			buildConfigurationList = D76A360B28B359B000D5FA26 /* Build configuration list for PBXProject "Calulator-TCA" */;
			compatibilityVersion = "Xcode 13.0";
			developmentRegion = en;
			hasScannedForEncodings = 0;
			knownRegions = (
				en,
				Base,
			);
			mainGroup = D76A360728B359B000D5FA26;
			packageReferences = (
				3A2F96D72B6195C8006B2740 /* XCRemoteSwiftPackageReference "swift-composable-architecture" */,
				3A702FFB2B88E4EC00C16ADE /* XCLocalSwiftPackageReference "EnumIdentifiebleConformable" */,
			);
			productRefGroup = D76A361128B359B000D5FA26 /* Products */;
			projectDirPath = "";
			projectRoot = "";
			targets = (
				D76A360F28B359B000D5FA26 /* Calulator-TCA */,
				D76A361F28B359B300D5FA26 /* Calulator-TCATests */,
				D76A362928B359B300D5FA26 /* Calulator-TCAUITests */,
			);
		};
/* End PBXProject section */

/* Begin PBXResourcesBuildPhase section */
		D76A360E28B359B000D5FA26 /* Resources */ = {
			isa = PBXResourcesBuildPhase;
			buildActionMask = 2147483647;
			files = (
				D76A361B28B359B300D5FA26 /* Preview Assets.xcassets in Resources */,
				D76A361828B359B300D5FA26 /* Assets.xcassets in Resources */,
			);
			runOnlyForDeploymentPostprocessing = 0;
		};
		D76A361E28B359B300D5FA26 /* Resources */ = {
			isa = PBXResourcesBuildPhase;
			buildActionMask = 2147483647;
			files = (
			);
			runOnlyForDeploymentPostprocessing = 0;
		};
		D76A362828B359B300D5FA26 /* Resources */ = {
			isa = PBXResourcesBuildPhase;
			buildActionMask = 2147483647;
			files = (
			);
			runOnlyForDeploymentPostprocessing = 0;
		};
/* End PBXResourcesBuildPhase section */

/* Begin PBXShellScriptBuildPhase section */
		0DF84D7175F7F3D8D30450E8 /* [CP] Check Pods Manifest.lock */ = {
			isa = PBXShellScriptBuildPhase;
			buildActionMask = 2147483647;
			files = (
			);
			inputFileListPaths = (
			);
			inputPaths = (
				"${PODS_PODFILE_DIR_PATH}/Podfile.lock",
				"${PODS_ROOT}/Manifest.lock",
			);
			name = "[CP] Check Pods Manifest.lock";
			outputFileListPaths = (
			);
			outputPaths = (
				"$(DERIVED_FILE_DIR)/Pods-Calulator-TCA-Calulator-TCAUITests-checkManifestLockResult.txt",
			);
			runOnlyForDeploymentPostprocessing = 0;
			shellPath = /bin/sh;
			shellScript = "diff \"${PODS_PODFILE_DIR_PATH}/Podfile.lock\" \"${PODS_ROOT}/Manifest.lock\" > /dev/null\nif [ $? != 0 ] ; then\n    # print error to STDERR\n    echo \"error: The sandbox is not in sync with the Podfile.lock. Run 'pod install' or update your CocoaPods installation.\" >&2\n    exit 1\nfi\n# This output is used by Xcode 'outputs' to avoid re-running this script phase.\necho \"SUCCESS\" > \"${SCRIPT_OUTPUT_FILE_0}\"\n";
			showEnvVarsInLog = 0;
		};
		2CE7077AA1CC0C93D133CF2E /* [CP] Check Pods Manifest.lock */ = {
			isa = PBXShellScriptBuildPhase;
			buildActionMask = 2147483647;
			files = (
			);
			inputFileListPaths = (
			);
			inputPaths = (
				"${PODS_PODFILE_DIR_PATH}/Podfile.lock",
				"${PODS_ROOT}/Manifest.lock",
			);
			name = "[CP] Check Pods Manifest.lock";
			outputFileListPaths = (
			);
			outputPaths = (
				"$(DERIVED_FILE_DIR)/Pods-Calulator-TCA-checkManifestLockResult.txt",
			);
			runOnlyForDeploymentPostprocessing = 0;
			shellPath = /bin/sh;
			shellScript = "diff \"${PODS_PODFILE_DIR_PATH}/Podfile.lock\" \"${PODS_ROOT}/Manifest.lock\" > /dev/null\nif [ $? != 0 ] ; then\n    # print error to STDERR\n    echo \"error: The sandbox is not in sync with the Podfile.lock. Run 'pod install' or update your CocoaPods installation.\" >&2\n    exit 1\nfi\n# This output is used by Xcode 'outputs' to avoid re-running this script phase.\necho \"SUCCESS\" > \"${SCRIPT_OUTPUT_FILE_0}\"\n";
			showEnvVarsInLog = 0;
		};
		3A5AA4702B85F73C00F7DD28 /* SwiftLint */ = {
			isa = PBXShellScriptBuildPhase;
			alwaysOutOfDate = 1;
			buildActionMask = 2147483647;
			files = (
			);
			inputFileListPaths = (
			);
			inputPaths = (
			);
			name = SwiftLint;
			outputFileListPaths = (
			);
			outputPaths = (
			);
			runOnlyForDeploymentPostprocessing = 0;
			shellPath = /bin/sh;
			shellScript = "if [[ \"$(uname -m)\" == arm64 ]]; then\n    export PATH=\"/opt/homebrew/bin:$PATH\"\nfi\n\nif which swiftlint > /dev/null; then\n  swiftlint --fix && swiftlint\nelse\n  echo \"warning: SwiftLint not installed, download from https://github.com/realm/SwiftLint\"\nfi\n";
		};
		CAC8BED9742653447693E424 /* [CP] Check Pods Manifest.lock */ = {
			isa = PBXShellScriptBuildPhase;
			buildActionMask = 2147483647;
			files = (
			);
			inputFileListPaths = (
			);
			inputPaths = (
				"${PODS_PODFILE_DIR_PATH}/Podfile.lock",
				"${PODS_ROOT}/Manifest.lock",
			);
			name = "[CP] Check Pods Manifest.lock";
			outputFileListPaths = (
			);
			outputPaths = (
				"$(DERIVED_FILE_DIR)/Pods-Calulator-TCATests-checkManifestLockResult.txt",
			);
			runOnlyForDeploymentPostprocessing = 0;
			shellPath = /bin/sh;
			shellScript = "diff \"${PODS_PODFILE_DIR_PATH}/Podfile.lock\" \"${PODS_ROOT}/Manifest.lock\" > /dev/null\nif [ $? != 0 ] ; then\n    # print error to STDERR\n    echo \"error: The sandbox is not in sync with the Podfile.lock. Run 'pod install' or update your CocoaPods installation.\" >&2\n    exit 1\nfi\n# This output is used by Xcode 'outputs' to avoid re-running this script phase.\necho \"SUCCESS\" > \"${SCRIPT_OUTPUT_FILE_0}\"\n";
			showEnvVarsInLog = 0;
		};
/* End PBXShellScriptBuildPhase section */

/* Begin PBXSourcesBuildPhase section */
		D76A360C28B359B000D5FA26 /* Sources */ = {
			isa = PBXSourcesBuildPhase;
			buildActionMask = 2147483647;
			files = (
				3A2F96DC2B619889006B2740 /* Dependencies.swift in Sources */,
				D767AC9A28E183C3004F6745 /* CalculatorButtonType.swift in Sources */,
				D76B2EE028E23BD70034F6B6 /* NumberFieldView.swift in Sources */,
				D767AC9828E1829D004F6745 /* CalculatorView.swift in Sources */,
				D767AC9C28E1AEF2004F6745 /* CalculatorOperation.swift in Sources */,
				D76A361428B359B000D5FA26 /* CalulatorTCAApp.swift in Sources */,
				D76B2EE228E23DA70034F6B6 /* ButtonView.swift in Sources */,
				D7F38C992B8F43F900C8CD9B /* SomeAnyDemo.swift in Sources */,
				D76B535A2934022B00DE2AE5 /* NumberConverterService.swift in Sources */,
				D76B53692934345300DE2AE5 /* RootView.swift in Sources */,
				D76B53562933FE8300DE2AE5 /* CalculatorService.swift in Sources */,
				D76B536B2934B28B00DE2AE5 /* Float+Extension.swift in Sources */,
				D76B535F2934125300DE2AE5 /* NumberFormatter+Extension.swift in Sources */,
			);
			runOnlyForDeploymentPostprocessing = 0;
		};
		D76A361C28B359B300D5FA26 /* Sources */ = {
			isa = PBXSourcesBuildPhase;
			buildActionMask = 2147483647;
			files = (
				D76A362528B359B300D5FA26 /* CalulatorTCATests.swift in Sources */,
				D761957629366A050065C18D /* CalculatorServiceTests.swift in Sources */,
			);
			runOnlyForDeploymentPostprocessing = 0;
		};
		D76A362628B359B300D5FA26 /* Sources */ = {
			isa = PBXSourcesBuildPhase;
			buildActionMask = 2147483647;
			files = (
				D76A362F28B359B300D5FA26 /* CalulatorTCAUITests.swift in Sources */,
				D76A363128B359B300D5FA26 /* CalulatorTCAUITestsLaunchTests.swift in Sources */,
			);
			runOnlyForDeploymentPostprocessing = 0;
		};
/* End PBXSourcesBuildPhase section */

/* Begin PBXTargetDependency section */
		D76A362228B359B300D5FA26 /* PBXTargetDependency */ = {
			isa = PBXTargetDependency;
			target = D76A360F28B359B000D5FA26 /* Calulator-TCA */;
			targetProxy = D76A362128B359B300D5FA26 /* PBXContainerItemProxy */;
		};
		D76A362C28B359B300D5FA26 /* PBXTargetDependency */ = {
			isa = PBXTargetDependency;
			target = D76A360F28B359B000D5FA26 /* Calulator-TCA */;
			targetProxy = D76A362B28B359B300D5FA26 /* PBXContainerItemProxy */;
		};
/* End PBXTargetDependency section */

/* Begin XCBuildConfiguration section */
		D76A363228B359B300D5FA26 /* Debug */ = {
			isa = XCBuildConfiguration;
			buildSettings = {
				ALWAYS_SEARCH_USER_PATHS = NO;
				CLANG_ANALYZER_NONNULL = YES;
				CLANG_ANALYZER_NUMBER_OBJECT_CONVERSION = YES_AGGRESSIVE;
				CLANG_CXX_LANGUAGE_STANDARD = "gnu++17";
				CLANG_ENABLE_MODULES = YES;
				CLANG_ENABLE_OBJC_ARC = YES;
				CLANG_ENABLE_OBJC_WEAK = YES;
				CLANG_WARN_BLOCK_CAPTURE_AUTORELEASING = YES;
				CLANG_WARN_BOOL_CONVERSION = YES;
				CLANG_WARN_COMMA = YES;
				CLANG_WARN_CONSTANT_CONVERSION = YES;
				CLANG_WARN_DEPRECATED_OBJC_IMPLEMENTATIONS = YES;
				CLANG_WARN_DIRECT_OBJC_ISA_USAGE = YES_ERROR;
				CLANG_WARN_DOCUMENTATION_COMMENTS = YES;
				CLANG_WARN_EMPTY_BODY = YES;
				CLANG_WARN_ENUM_CONVERSION = YES;
				CLANG_WARN_INFINITE_RECURSION = YES;
				CLANG_WARN_INT_CONVERSION = YES;
				CLANG_WARN_NON_LITERAL_NULL_CONVERSION = YES;
				CLANG_WARN_OBJC_IMPLICIT_RETAIN_SELF = YES;
				CLANG_WARN_OBJC_LITERAL_CONVERSION = YES;
				CLANG_WARN_OBJC_ROOT_CLASS = YES_ERROR;
				CLANG_WARN_QUOTED_INCLUDE_IN_FRAMEWORK_HEADER = YES;
				CLANG_WARN_RANGE_LOOP_ANALYSIS = YES;
				CLANG_WARN_STRICT_PROTOTYPES = YES;
				CLANG_WARN_SUSPICIOUS_MOVE = YES;
				CLANG_WARN_UNGUARDED_AVAILABILITY = YES_AGGRESSIVE;
				CLANG_WARN_UNREACHABLE_CODE = YES;
				CLANG_WARN__DUPLICATE_METHOD_MATCH = YES;
				COPY_PHASE_STRIP = NO;
				DEBUG_INFORMATION_FORMAT = dwarf;
				ENABLE_STRICT_OBJC_MSGSEND = YES;
				ENABLE_TESTABILITY = YES;
				GCC_C_LANGUAGE_STANDARD = gnu11;
				GCC_DYNAMIC_NO_PIC = NO;
				GCC_NO_COMMON_BLOCKS = YES;
				GCC_OPTIMIZATION_LEVEL = 0;
				GCC_PREPROCESSOR_DEFINITIONS = (
					"DEBUG=1",
					"$(inherited)",
				);
				GCC_WARN_64_TO_32_BIT_CONVERSION = YES;
				GCC_WARN_ABOUT_RETURN_TYPE = YES_ERROR;
				GCC_WARN_UNDECLARED_SELECTOR = YES;
				GCC_WARN_UNINITIALIZED_AUTOS = YES_AGGRESSIVE;
				GCC_WARN_UNUSED_FUNCTION = YES;
				GCC_WARN_UNUSED_VARIABLE = YES;
				IPHONEOS_DEPLOYMENT_TARGET = 16.0;
				MTL_ENABLE_DEBUG_INFO = INCLUDE_SOURCE;
				MTL_FAST_MATH = YES;
				ONLY_ACTIVE_ARCH = YES;
				SDKROOT = iphoneos;
				SWIFT_ACTIVE_COMPILATION_CONDITIONS = DEBUG;
				SWIFT_OPTIMIZATION_LEVEL = "-Onone";
			};
			name = Debug;
		};
		D76A363328B359B300D5FA26 /* Release */ = {
			isa = XCBuildConfiguration;
			buildSettings = {
				ALWAYS_SEARCH_USER_PATHS = NO;
				CLANG_ANALYZER_NONNULL = YES;
				CLANG_ANALYZER_NUMBER_OBJECT_CONVERSION = YES_AGGRESSIVE;
				CLANG_CXX_LANGUAGE_STANDARD = "gnu++17";
				CLANG_ENABLE_MODULES = YES;
				CLANG_ENABLE_OBJC_ARC = YES;
				CLANG_ENABLE_OBJC_WEAK = YES;
				CLANG_WARN_BLOCK_CAPTURE_AUTORELEASING = YES;
				CLANG_WARN_BOOL_CONVERSION = YES;
				CLANG_WARN_COMMA = YES;
				CLANG_WARN_CONSTANT_CONVERSION = YES;
				CLANG_WARN_DEPRECATED_OBJC_IMPLEMENTATIONS = YES;
				CLANG_WARN_DIRECT_OBJC_ISA_USAGE = YES_ERROR;
				CLANG_WARN_DOCUMENTATION_COMMENTS = YES;
				CLANG_WARN_EMPTY_BODY = YES;
				CLANG_WARN_ENUM_CONVERSION = YES;
				CLANG_WARN_INFINITE_RECURSION = YES;
				CLANG_WARN_INT_CONVERSION = YES;
				CLANG_WARN_NON_LITERAL_NULL_CONVERSION = YES;
				CLANG_WARN_OBJC_IMPLICIT_RETAIN_SELF = YES;
				CLANG_WARN_OBJC_LITERAL_CONVERSION = YES;
				CLANG_WARN_OBJC_ROOT_CLASS = YES_ERROR;
				CLANG_WARN_QUOTED_INCLUDE_IN_FRAMEWORK_HEADER = YES;
				CLANG_WARN_RANGE_LOOP_ANALYSIS = YES;
				CLANG_WARN_STRICT_PROTOTYPES = YES;
				CLANG_WARN_SUSPICIOUS_MOVE = YES;
				CLANG_WARN_UNGUARDED_AVAILABILITY = YES_AGGRESSIVE;
				CLANG_WARN_UNREACHABLE_CODE = YES;
				CLANG_WARN__DUPLICATE_METHOD_MATCH = YES;
				COPY_PHASE_STRIP = NO;
				DEBUG_INFORMATION_FORMAT = "dwarf-with-dsym";
				ENABLE_NS_ASSERTIONS = NO;
				ENABLE_STRICT_OBJC_MSGSEND = YES;
				GCC_C_LANGUAGE_STANDARD = gnu11;
				GCC_NO_COMMON_BLOCKS = YES;
				GCC_WARN_64_TO_32_BIT_CONVERSION = YES;
				GCC_WARN_ABOUT_RETURN_TYPE = YES_ERROR;
				GCC_WARN_UNDECLARED_SELECTOR = YES;
				GCC_WARN_UNINITIALIZED_AUTOS = YES_AGGRESSIVE;
				GCC_WARN_UNUSED_FUNCTION = YES;
				GCC_WARN_UNUSED_VARIABLE = YES;
				IPHONEOS_DEPLOYMENT_TARGET = 16.0;
				MTL_ENABLE_DEBUG_INFO = NO;
				MTL_FAST_MATH = YES;
				SDKROOT = iphoneos;
				SWIFT_COMPILATION_MODE = wholemodule;
				SWIFT_OPTIMIZATION_LEVEL = "-O";
				VALIDATE_PRODUCT = YES;
			};
			name = Release;
		};
		D76A363528B359B300D5FA26 /* Debug */ = {
			isa = XCBuildConfiguration;
			baseConfigurationReference = C4E83D4E0E33E5D345AF3845 /* Pods-Calulator-TCA.debug.xcconfig */;
			buildSettings = {
				ASSETCATALOG_COMPILER_APPICON_NAME = AppIcon;
				ASSETCATALOG_COMPILER_GLOBAL_ACCENT_COLOR_NAME = AccentColor;
				CODE_SIGN_STYLE = Automatic;
				CURRENT_PROJECT_VERSION = 1;
				DEVELOPMENT_ASSET_PATHS = "\"Calulator-TCA/Preview Content\"";
				DEVELOPMENT_TEAM = 9C25ZWATG7;
				ENABLE_PREVIEWS = YES;
				FRAMEWORK_SEARCH_PATHS = "$(inherited)";
				GENERATE_INFOPLIST_FILE = YES;
				HEADER_SEARCH_PATHS = "$(inherited)";
				INFOPLIST_KEY_UIApplicationSceneManifest_Generation = YES;
				INFOPLIST_KEY_UIApplicationSupportsIndirectInputEvents = YES;
				INFOPLIST_KEY_UILaunchScreen_Generation = YES;
				INFOPLIST_KEY_UISupportedInterfaceOrientations_iPad = "UIInterfaceOrientationPortrait UIInterfaceOrientationPortraitUpsideDown UIInterfaceOrientationLandscapeLeft UIInterfaceOrientationLandscapeRight";
				INFOPLIST_KEY_UISupportedInterfaceOrientations_iPhone = "UIInterfaceOrientationPortrait UIInterfaceOrientationLandscapeLeft UIInterfaceOrientationLandscapeRight";
				IPHONEOS_DEPLOYMENT_TARGET = 16.0;
				LD_RUNPATH_SEARCH_PATHS = (
					"$(inherited)",
					"@executable_path/Frameworks",
				);
				MARKETING_VERSION = 1.0;
				PRODUCT_BUNDLE_IDENTIFIER = "com.chernysh.Calulator-TCA";
				PRODUCT_NAME = "$(TARGET_NAME)";
				SWIFT_EMIT_LOC_STRINGS = YES;
				SWIFT_VERSION = 5.0;
				TARGETED_DEVICE_FAMILY = "1,2";
			};
			name = Debug;
		};
		D76A363628B359B300D5FA26 /* Release */ = {
			isa = XCBuildConfiguration;
			baseConfigurationReference = 9CFEC3497D929518C9F415D9 /* Pods-Calulator-TCA.release.xcconfig */;
			buildSettings = {
				ASSETCATALOG_COMPILER_APPICON_NAME = AppIcon;
				ASSETCATALOG_COMPILER_GLOBAL_ACCENT_COLOR_NAME = AccentColor;
				CODE_SIGN_STYLE = Automatic;
				CURRENT_PROJECT_VERSION = 1;
				DEVELOPMENT_ASSET_PATHS = "\"Calulator-TCA/Preview Content\"";
				DEVELOPMENT_TEAM = 9C25ZWATG7;
				ENABLE_PREVIEWS = YES;
				FRAMEWORK_SEARCH_PATHS = "$(inherited)";
				GENERATE_INFOPLIST_FILE = YES;
				HEADER_SEARCH_PATHS = "$(inherited)";
				INFOPLIST_KEY_UIApplicationSceneManifest_Generation = YES;
				INFOPLIST_KEY_UIApplicationSupportsIndirectInputEvents = YES;
				INFOPLIST_KEY_UILaunchScreen_Generation = YES;
				INFOPLIST_KEY_UISupportedInterfaceOrientations_iPad = "UIInterfaceOrientationPortrait UIInterfaceOrientationPortraitUpsideDown UIInterfaceOrientationLandscapeLeft UIInterfaceOrientationLandscapeRight";
				INFOPLIST_KEY_UISupportedInterfaceOrientations_iPhone = "UIInterfaceOrientationPortrait UIInterfaceOrientationLandscapeLeft UIInterfaceOrientationLandscapeRight";
				IPHONEOS_DEPLOYMENT_TARGET = 16.0;
				LD_RUNPATH_SEARCH_PATHS = (
					"$(inherited)",
					"@executable_path/Frameworks",
				);
				MARKETING_VERSION = 1.0;
				PRODUCT_BUNDLE_IDENTIFIER = "com.chernysh.Calulator-TCA";
				PRODUCT_NAME = "$(TARGET_NAME)";
				SWIFT_EMIT_LOC_STRINGS = YES;
				SWIFT_VERSION = 5.0;
				TARGETED_DEVICE_FAMILY = "1,2";
			};
			name = Release;
		};
		D76A363828B359B300D5FA26 /* Debug */ = {
			isa = XCBuildConfiguration;
			baseConfigurationReference = DE081A2FFB9EF5066621DEF4 /* Pods-Calulator-TCATests.debug.xcconfig */;
			buildSettings = {
				ALWAYS_EMBED_SWIFT_STANDARD_LIBRARIES = YES;
				BUNDLE_LOADER = "$(TEST_HOST)";
				CODE_SIGN_STYLE = Automatic;
				CURRENT_PROJECT_VERSION = 1;
				DEVELOPMENT_TEAM = 9C25ZWATG7;
				GENERATE_INFOPLIST_FILE = YES;
				IPHONEOS_DEPLOYMENT_TARGET = 16.0;
				MARKETING_VERSION = 1.0;
				PRODUCT_BUNDLE_IDENTIFIER = "com.chernysh.Calulator-TCATests";
				PRODUCT_NAME = "$(TARGET_NAME)";
				SWIFT_EMIT_LOC_STRINGS = NO;
				SWIFT_VERSION = 5.0;
				TARGETED_DEVICE_FAMILY = "1,2";
				TEST_HOST = "$(BUILT_PRODUCTS_DIR)/Calulator-TCA.app/Calulator-TCA";
			};
			name = Debug;
		};
		D76A363928B359B300D5FA26 /* Release */ = {
			isa = XCBuildConfiguration;
			baseConfigurationReference = 7A8C9A2CC136837035D9A81E /* Pods-Calulator-TCATests.release.xcconfig */;
			buildSettings = {
				ALWAYS_EMBED_SWIFT_STANDARD_LIBRARIES = YES;
				BUNDLE_LOADER = "$(TEST_HOST)";
				CODE_SIGN_STYLE = Automatic;
				CURRENT_PROJECT_VERSION = 1;
				DEVELOPMENT_TEAM = 9C25ZWATG7;
				GENERATE_INFOPLIST_FILE = YES;
				IPHONEOS_DEPLOYMENT_TARGET = 16.0;
				MARKETING_VERSION = 1.0;
				PRODUCT_BUNDLE_IDENTIFIER = "com.chernysh.Calulator-TCATests";
				PRODUCT_NAME = "$(TARGET_NAME)";
				SWIFT_EMIT_LOC_STRINGS = NO;
				SWIFT_VERSION = 5.0;
				TARGETED_DEVICE_FAMILY = "1,2";
				TEST_HOST = "$(BUILT_PRODUCTS_DIR)/Calulator-TCA.app/Calulator-TCA";
			};
			name = Release;
		};
		D76A363B28B359B300D5FA26 /* Debug */ = {
			isa = XCBuildConfiguration;
			baseConfigurationReference = 24FE45BEBF6199A72BD76EE7 /* Pods-Calulator-TCA-Calulator-TCAUITests.debug.xcconfig */;
			buildSettings = {
				ALWAYS_EMBED_SWIFT_STANDARD_LIBRARIES = YES;
				CODE_SIGN_STYLE = Automatic;
				CURRENT_PROJECT_VERSION = 1;
				DEVELOPMENT_TEAM = 9C25ZWATG7;
				GENERATE_INFOPLIST_FILE = YES;
				MARKETING_VERSION = 1.0;
				PRODUCT_BUNDLE_IDENTIFIER = "com.chernysh.Calulator-TCAUITests";
				PRODUCT_NAME = "$(TARGET_NAME)";
				SWIFT_EMIT_LOC_STRINGS = NO;
				SWIFT_VERSION = 5.0;
				TARGETED_DEVICE_FAMILY = "1,2";
				TEST_TARGET_NAME = "Calulator-TCA";
			};
			name = Debug;
		};
		D76A363C28B359B300D5FA26 /* Release */ = {
			isa = XCBuildConfiguration;
			baseConfigurationReference = A8C93A54B6B2AFE46C90FAE1 /* Pods-Calulator-TCA-Calulator-TCAUITests.release.xcconfig */;
			buildSettings = {
				ALWAYS_EMBED_SWIFT_STANDARD_LIBRARIES = YES;
				CODE_SIGN_STYLE = Automatic;
				CURRENT_PROJECT_VERSION = 1;
				DEVELOPMENT_TEAM = 9C25ZWATG7;
				GENERATE_INFOPLIST_FILE = YES;
				MARKETING_VERSION = 1.0;
				PRODUCT_BUNDLE_IDENTIFIER = "com.chernysh.Calulator-TCAUITests";
				PRODUCT_NAME = "$(TARGET_NAME)";
				SWIFT_EMIT_LOC_STRINGS = NO;
				SWIFT_VERSION = 5.0;
				TARGETED_DEVICE_FAMILY = "1,2";
				TEST_TARGET_NAME = "Calulator-TCA";
			};
			name = Release;
		};
/* End XCBuildConfiguration section */

/* Begin XCConfigurationList section */
		D76A360B28B359B000D5FA26 /* Build configuration list for PBXProject "Calulator-TCA" */ = {
			isa = XCConfigurationList;
			buildConfigurations = (
				D76A363228B359B300D5FA26 /* Debug */,
				D76A363328B359B300D5FA26 /* Release */,
			);
			defaultConfigurationIsVisible = 0;
			defaultConfigurationName = Release;
		};
		D76A363428B359B300D5FA26 /* Build configuration list for PBXNativeTarget "Calulator-TCA" */ = {
			isa = XCConfigurationList;
			buildConfigurations = (
				D76A363528B359B300D5FA26 /* Debug */,
				D76A363628B359B300D5FA26 /* Release */,
			);
			defaultConfigurationIsVisible = 0;
			defaultConfigurationName = Release;
		};
		D76A363728B359B300D5FA26 /* Build configuration list for PBXNativeTarget "Calulator-TCATests" */ = {
			isa = XCConfigurationList;
			buildConfigurations = (
				D76A363828B359B300D5FA26 /* Debug */,
				D76A363928B359B300D5FA26 /* Release */,
			);
			defaultConfigurationIsVisible = 0;
			defaultConfigurationName = Release;
		};
		D76A363A28B359B300D5FA26 /* Build configuration list for PBXNativeTarget "Calulator-TCAUITests" */ = {
			isa = XCConfigurationList;
			buildConfigurations = (
				D76A363B28B359B300D5FA26 /* Debug */,
				D76A363C28B359B300D5FA26 /* Release */,
			);
			defaultConfigurationIsVisible = 0;
			defaultConfigurationName = Release;
		};
/* End XCConfigurationList section */

/* Begin XCLocalSwiftPackageReference section */
		3A702FFB2B88E4EC00C16ADE /* XCLocalSwiftPackageReference "EnumIdentifiebleConformable" */ = {
			isa = XCLocalSwiftPackageReference;
			relativePath = "Calulator-TCA/Macros/EnumIdentifiebleConformable";
		};
/* End XCLocalSwiftPackageReference section */

/* Begin XCRemoteSwiftPackageReference section */
		3A2F96D72B6195C8006B2740 /* XCRemoteSwiftPackageReference "swift-composable-architecture" */ = {
			isa = XCRemoteSwiftPackageReference;
			repositoryURL = "https://github.com/pointfreeco/swift-composable-architecture";
			requirement = {
				kind = upToNextMajorVersion;
				minimumVersion = 1.6.0;
			};
		};
/* End XCRemoteSwiftPackageReference section */

/* Begin XCSwiftPackageProductDependency section */
		3A2F96D82B6195C8006B2740 /* ComposableArchitecture */ = {
			isa = XCSwiftPackageProductDependency;
			package = 3A2F96D72B6195C8006B2740 /* XCRemoteSwiftPackageReference "swift-composable-architecture" */;
			productName = ComposableArchitecture;
		};
		3A702FF22B88E42A00C16ADE /* EnumIdentifiebleConformable */ = {
			isa = XCSwiftPackageProductDependency;
			productName = EnumIdentifiebleConformable;
		};
		3A702FF42B88E42A00C16ADE /* EnumIdentifiebleConformableClient */ = {
			isa = XCSwiftPackageProductDependency;
			productName = EnumIdentifiebleConformableClient;
		};
		3A702FF72B88E46C00C16ADE /* EnumIdentifiebleConformable */ = {
			isa = XCSwiftPackageProductDependency;
			productName = EnumIdentifiebleConformable;
		};
		3A702FF92B88E46C00C16ADE /* EnumIdentifiebleConformableClient */ = {
			isa = XCSwiftPackageProductDependency;
			productName = EnumIdentifiebleConformableClient;
		};
		3A702FFC2B88E4EC00C16ADE /* EnumIdentifiebleConformable */ = {
			isa = XCSwiftPackageProductDependency;
			productName = EnumIdentifiebleConformable;
		};
		3A702FFE2B88E4EC00C16ADE /* EnumIdentifiebleConformableClient */ = {
			isa = XCSwiftPackageProductDependency;
			productName = EnumIdentifiebleConformableClient;
		};
/* End XCSwiftPackageProductDependency section */
	};
	rootObject = D76A360828B359B000D5FA26 /* Project object */;
}
